
Microsoft Visual Studio Solution File, Format Version 12.00
# Visual Studio 15
VisualStudioVersion = 15.0.28307.489
MinimumVisualStudioVersion = 10.0.40219.1
Project("{8BC9CEB8-8B4A-11D0-8D11-00A0C91BC942}") = "LAB03_DataStructure_2015104174", "LAB03_DataStructure_2015104174\LAB03_DataStructure_2015104174.vcxproj", "{513238E8-6C64-4585-8474-4C849BF6866B}"
EndProject
Global
	GlobalSection(SolutionConfigurationPlatforms) = preSolution
		Debug|x64 = Debug|x64
		Debug|x86 = Debug|x86
		Release|x64 = Release|x64
		Release|x86 = Release|x86
	EndGlobalSection
	GlobalSection(ProjectConfigurationPlatforms) = postSolution
		{513238E8-6C64-4585-8474-4C849BF6866B}.Debug|x64.ActiveCfg = Debug|x64
		{513238E8-6C64-4585-8474-4C849BF6866B}.Debug|x64.Build.0 = Debug|x64
		{513238E8-6C64-4585-8474-4C849BF6866B}.Debug|x86.ActiveCfg = Debug|Win32
		{513238E8-6C64-4585-8474-4C849BF6866B}.Debug|x86.Build.0 = Debug|Win32
		{513238E8-6C64-4585-8474-4C849BF6866B}.Release|x64.ActiveCfg = Release|x64
		{513238E8-6C64-4585-8474-4C849BF6866B}.Release|x64.Build.0 = Release|x64
		{513238E8-6C64-4585-8474-4C849BF6866B}.Release|x86.ActiveCfg = Release|Win32
		{513238E8-6C64-4585-8474-4C849BF6866B}.Release|x86.Build.0 = Release|Win32
	EndGlobalSection
	GlobalSection(SolutionProperties) = preSolution
		HideSolutionNode = FALSE
	EndGlobalSection
	GlobalSection(ExtensibilityGlobals) = postSolution
		SolutionGuid = {B6ED9F64-66FE-47CA-84EE-9677C1F224D8}
	EndGlobalSection
EndGlobal
